
Microsoft Visual Studio Solution File, Format Version 12.00
# Visual Studio Version 17
VisualStudioVersion = 17.0.31912.275
MinimumVisualStudioVersion = 10.0.40219.1
Project("{9A19103F-16F7-4668-BE54-9A1E7A4F7556}") = "GestaoInstituto.Application", "src\GestaoInstituto.Application\GestaoInstituto.Application.csproj", "{C9B94A16-1566-45A7-AEE8-98D17B7AA2F4}"
EndProject
Project("{9A19103F-16F7-4668-BE54-9A1E7A4F7556}") = "GestaoInstituto.Domain", "src\GestaoInstituto.Domain\GestaoInstituto.Domain.csproj", "{011D34EF-2317-4FE1-BD14-E3F62DC9BBBF}"
EndProject
Project("{9A19103F-16F7-4668-BE54-9A1E7A4F7556}") = "GestaoInstituto.Infra.Data", "src\GestaoInstituto.Infra.Data\GestaoInstituto.Infra.Data.csproj", "{17442B88-A393-443A-9333-AABACE678899}"
EndProject
Project("{9A19103F-16F7-4668-BE54-9A1E7A4F7556}") = "GestaoInstituto.WebApp", "src\GestaoInstituto.WebApp\GestaoInstituto.WebApp.csproj", "{2E1001D1-95F6-4220-8AC6-9B3506094ED0}"
EndProject
Global
	GlobalSection(SolutionConfigurationPlatforms) = preSolution
		Debug|Any CPU = Debug|Any CPU
		Release|Any CPU = Release|Any CPU
	EndGlobalSection
	GlobalSection(ProjectConfigurationPlatforms) = postSolution
		{C9B94A16-1566-45A7-AEE8-98D17B7AA2F4}.Debug|Any CPU.ActiveCfg = Debug|Any CPU
		{C9B94A16-1566-45A7-AEE8-98D17B7AA2F4}.Debug|Any CPU.Build.0 = Debug|Any CPU
		{C9B94A16-1566-45A7-AEE8-98D17B7AA2F4}.Release|Any CPU.ActiveCfg = Release|Any CPU
		{C9B94A16-1566-45A7-AEE8-98D17B7AA2F4}.Release|Any CPU.Build.0 = Release|Any CPU
		{011D34EF-2317-4FE1-BD14-E3F62DC9BBBF}.Debug|Any CPU.ActiveCfg = Debug|Any CPU
		{011D34EF-2317-4FE1-BD14-E3F62DC9BBBF}.Debug|Any CPU.Build.0 = Debug|Any CPU
		{011D34EF-2317-4FE1-BD14-E3F62DC9BBBF}.Release|Any CPU.ActiveCfg = Release|Any CPU
		{011D34EF-2317-4FE1-BD14-E3F62DC9BBBF}.Release|Any CPU.Build.0 = Release|Any CPU
		{17442B88-A393-443A-9333-AABACE678899}.Debug|Any CPU.ActiveCfg = Debug|Any CPU
		{17442B88-A393-443A-9333-AABACE678899}.Debug|Any CPU.Build.0 = Debug|Any CPU
		{17442B88-A393-443A-9333-AABACE678899}.Release|Any CPU.ActiveCfg = Release|Any CPU
		{17442B88-A393-443A-9333-AABACE678899}.Release|Any CPU.Build.0 = Release|Any CPU
		{2E1001D1-95F6-4220-8AC6-9B3506094ED0}.Debug|Any CPU.ActiveCfg = Debug|Any CPU
		{2E1001D1-95F6-4220-8AC6-9B3506094ED0}.Debug|Any CPU.Build.0 = Debug|Any CPU
		{2E1001D1-95F6-4220-8AC6-9B3506094ED0}.Release|Any CPU.ActiveCfg = Release|Any CPU
		{2E1001D1-95F6-4220-8AC6-9B3506094ED0}.Release|Any CPU.Build.0 = Release|Any CPU
	EndGlobalSection
	GlobalSection(SolutionProperties) = preSolution
		HideSolutionNode = FALSE
	EndGlobalSection
	GlobalSection(ExtensibilityGlobals) = postSolution
		SolutionGuid = {3FAAC44C-261B-47FD-BFCB-B89F949B0D87}
	EndGlobalSection
EndGlobal
